<Solution>
  <Folder Name="/Solution Items/">
    <File Path=".editorconfig" />
    <File Path="Directory.Build.props" />
    <File Path="Directory.Packages.props" />
    <File Path="global.json" />
    <File Path="version.txt" />
  </Folder>
  <Folder Name="/src/">
    <Project Path="src/Jellyfin.Plugin.HyperionGrabber.Core/Jellyfin.Plugin.HyperionGrabber.Core.csproj" />
    <Project Path="src/Jellyfin.Plugin.HyperionGrabber/Jellyfin.Plugin.HyperionGrabber.csproj" />
  </Folder>
  <Folder Name="/tests/">
    <Project Path="tests/Jellyfin.Plugin.HyperionGrabber.TestSupport/Jellyfin.Plugin.HyperionGrabber.TestSupport.csproj" />
    <Project Path="tests/Jellyfin.Plugin.HyperionGrabber.Core.Tests/Jellyfin.Plugin.HyperionGrabber.Core.Tests.csproj" />
    <Project Path="tests/Jellyfin.Plugin.HyperionGrabber.Tests/Jellyfin.Plugin.HyperionGrabber.Tests.csproj" />
  </Folder>
</Solution>
